// !$*UTF8*$!
{
	archiveVersion = 1;
	classes = {
	};
	objectVersion = 48;
	objects = {

/* Begin PBXBuildFile section */
		6014BE7520481DF8002E734D /* AppDelegate.m in Sources */ = {isa = PBXBuildFile; fileRef = 6014BE7420481DF8002E734D /* AppDelegate.m */; };
		6014BE7820481DF8002E734D /* ViewController.m in Sources */ = {isa = PBXBuildFile; fileRef = 6014BE7720481DF8002E734D /* ViewController.m */; };
		6014BE7B20481DF8002E734D /* Main.storyboard in Resources */ = {isa = PBXBuildFile; fileRef = 6014BE7920481DF8002E734D /* Main.storyboard */; };
		6014BE7D20481DF9002E734D /* Assets.xcassets in Resources */ = {isa = PBXBuildFile; fileRef = 6014BE7C20481DF9002E734D /* Assets.xcassets */; };
		6014BE8020481DF9002E734D /* LaunchScreen.storyboard in Resources */ = {isa = PBXBuildFile; fileRef = 6014BE7E20481DF9002E734D /* LaunchScreen.storyboard */; };
		6014BE8320481DF9002E734D /* main.m in Sources */ = {isa = PBXBuildFile; fileRef = 6014BE8220481DF9002E734D /* main.m */; };
		6014BE8D20481DF9002E734D /* tableView__collectionViewTests.m in Sources */ = {isa = PBXBuildFile; fileRef = 6014BE8C20481DF9002E734D /* tableView__collectionViewTests.m */; };
		6014BE9820481DF9002E734D /* tableView__collectionViewUITests.m in Sources */ = {isa = PBXBuildFile; fileRef = 6014BE9720481DF9002E734D /* tableView__collectionViewUITests.m */; };
		6014BEA720481E18002E734D /* TableViewCell.m in Sources */ = {isa = PBXBuildFile; fileRef = 6014BEA620481E18002E734D /* TableViewCell.m */; };
		6014BEAA20481E23002E734D /* CollectionViewCell.m in Sources */ = {isa = PBXBuildFile; fileRef = 6014BEA920481E23002E734D /* CollectionViewCell.m */; };
		6014BEC920481EB3002E734D /* NSLayoutConstraint+MASDebugAdditions.m in Sources */ = {isa = PBXBuildFile; fileRef = 6014BEAF20481EB3002E734D /* NSLayoutConstraint+MASDebugAdditions.m */; };
		6014BECA20481EB3002E734D /* ViewController+MASAdditions.m in Sources */ = {isa = PBXBuildFile; fileRef = 6014BEB820481EB3002E734D /* ViewController+MASAdditions.m */; };
		6014BECB20481EB3002E734D /* MASCompositeConstraint.m in Sources */ = {isa = PBXBuildFile; fileRef = 6014BEBC20481EB3002E734D /* MASCompositeConstraint.m */; };
		6014BECC20481EB3002E734D /* MASConstraintMaker.m in Sources */ = {isa = PBXBuildFile; fileRef = 6014BEBD20481EB3002E734D /* MASConstraintMaker.m */; };
		6014BECD20481EB3002E734D /* MASLayoutConstraint.m in Sources */ = {isa = PBXBuildFile; fileRef = 6014BEBE20481EB3002E734D /* MASLayoutConstraint.m */; };
		6014BECE20481EB3002E734D /* NSArray+MASAdditions.m in Sources */ = {isa = PBXBuildFile; fileRef = 6014BEBF20481EB3002E734D /* NSArray+MASAdditions.m */; };
		6014BECF20481EB3002E734D /* View+MASAdditions.m in Sources */ = {isa = PBXBuildFile; fileRef = 6014BEC020481EB3002E734D /* View+MASAdditions.m */; };
		6014BED020481EB3002E734D /* MASConstraint.m in Sources */ = {isa = PBXBuildFile; fileRef = 6014BEC320481EB3002E734D /* MASConstraint.m */; };
		6014BED120481EB3002E734D /* MASViewConstraint.m in Sources */ = {isa = PBXBuildFile; fileRef = 6014BEC520481EB3002E734D /* MASViewConstraint.m */; };
		6014BED220481EB3002E734D /* MASViewAttribute.m in Sources */ = {isa = PBXBuildFile; fileRef = 6014BEC620481EB3002E734D /* MASViewAttribute.m */; };
		6014BED320481EB3002E734D /* README.md in Resources */ = {isa = PBXBuildFile; fileRef = 6014BEC720481EB3002E734D /* README.md */; };
		6014BED620481ECC002E734D /* UIView+LSCore.m in Sources */ = {isa = PBXBuildFile; fileRef = 6014BED520481ECC002E734D /* UIView+LSCore.m */; };
/* End PBXBuildFile section */

/* Begin PBXContainerItemProxy section */
		6014BE8920481DF9002E734D /* PBXContainerItemProxy */ = {
			isa = PBXContainerItemProxy;
			containerPortal = 6014BE6820481DF8002E734D /* Project object */;
			proxyType = 1;
			remoteGlobalIDString = 6014BE6F20481DF8002E734D;
			remoteInfo = "tableView嵌套collectionView";
		};
		6014BE9420481DF9002E734D /* PBXContainerItemProxy */ = {
			isa = PBXContainerItemProxy;
			containerPortal = 6014BE6820481DF8002E734D /* Project object */;
			proxyType = 1;
			remoteGlobalIDString = 6014BE6F20481DF8002E734D;
			remoteInfo = "tableView嵌套collectionView";
		};
/* End PBXContainerItemProxy section */

/* Begin PBXFileReference section */
		6014BE7020481DF8002E734D /* tableView嵌套collectionView.app */ = {isa = PBXFileReference; explicitFileType = wrapper.application; includeInIndex = 0; path = "tableView嵌套collectionView.app"; sourceTree = BUILT_PRODUCTS_DIR; };
		6014BE7320481DF8002E734D /* AppDelegate.h */ = {isa = PBXFileReference; lastKnownFileType = sourcecode.c.h; path = AppDelegate.h; sourceTree = "<group>"; };
		6014BE7420481DF8002E734D /* AppDelegate.m */ = {isa = PBXFileReference; lastKnownFileType = sourcecode.c.objc; path = AppDelegate.m; sourceTree = "<group>"; };
		6014BE7620481DF8002E734D /* ViewController.h */ = {isa = PBXFileReference; lastKnownFileType = sourcecode.c.h; path = ViewController.h; sourceTree = "<group>"; };
		6014BE7720481DF8002E734D /* ViewController.m */ = {isa = PBXFileReference; lastKnownFileType = sourcecode.c.objc; path = ViewController.m; sourceTree = "<group>"; };
		6014BE7A20481DF8002E734D /* Base */ = {isa = PBXFileReference; lastKnownFileType = file.storyboard; name = Base; path = Base.lproj/Main.storyboard; sourceTree = "<group>"; };
		6014BE7C20481DF9002E734D /* Assets.xcassets */ = {isa = PBXFileReference; lastKnownFileType = folder.assetcatalog; path = Assets.xcassets; sourceTree = "<group>"; };
		6014BE7F20481DF9002E734D /* Base */ = {isa = PBXFileReference; lastKnownFileType = file.storyboard; name = Base; path = Base.lproj/LaunchScreen.storyboard; sourceTree = "<group>"; };
		6014BE8120481DF9002E734D /* Info.plist */ = {isa = PBXFileReference; lastKnownFileType = text.plist.xml; path = Info.plist; sourceTree = "<group>"; };
		6014BE8220481DF9002E734D /* main.m */ = {isa = PBXFileReference; lastKnownFileType = sourcecode.c.objc; path = main.m; sourceTree = "<group>"; };
		6014BE8820481DF9002E734D /* tableView嵌套collectionViewTests.xctest */ = {isa = PBXFileReference; explicitFileType = wrapper.cfbundle; includeInIndex = 0; path = "tableView嵌套collectionViewTests.xctest"; sourceTree = BUILT_PRODUCTS_DIR; };
		6014BE8C20481DF9002E734D /* tableView__collectionViewTests.m */ = {isa = PBXFileReference; lastKnownFileType = sourcecode.c.objc; path = tableView__collectionViewTests.m; sourceTree = "<group>"; };
		6014BE8E20481DF9002E734D /* Info.plist */ = {isa = PBXFileReference; lastKnownFileType = text.plist.xml; path = Info.plist; sourceTree = "<group>"; };
		6014BE9320481DF9002E734D /* tableView嵌套collectionViewUITests.xctest */ = {isa = PBXFileReference; explicitFileType = wrapper.cfbundle; includeInIndex = 0; path = "tableView嵌套collectionViewUITests.xctest"; sourceTree = BUILT_PRODUCTS_DIR; };
		6014BE9720481DF9002E734D /* tableView__collectionViewUITests.m */ = {isa = PBXFileReference; lastKnownFileType = sourcecode.c.objc; path = tableView__collectionViewUITests.m; sourceTree = "<group>"; };
		6014BE9920481DF9002E734D /* Info.plist */ = {isa = PBXFileReference; lastKnownFileType = text.plist.xml; path = Info.plist; sourceTree = "<group>"; };
		6014BEA520481E18002E734D /* TableViewCell.h */ = {isa = PBXFileReference; lastKnownFileType = sourcecode.c.h; path = TableViewCell.h; sourceTree = "<group>"; };
		6014BEA620481E18002E734D /* TableViewCell.m */ = {isa = PBXFileReference; lastKnownFileType = sourcecode.c.objc; path = TableViewCell.m; sourceTree = "<group>"; };
		6014BEA820481E23002E734D /* CollectionViewCell.h */ = {isa = PBXFileReference; lastKnownFileType = sourcecode.c.h; path = CollectionViewCell.h; sourceTree = "<group>"; };
		6014BEA920481E23002E734D /* CollectionViewCell.m */ = {isa = PBXFileReference; lastKnownFileType = sourcecode.c.objc; path = CollectionViewCell.m; sourceTree = "<group>"; };
		6014BEAE20481EB3002E734D /* MASCompositeConstraint.h */ = {isa = PBXFileReference; fileEncoding = 4; lastKnownFileType = sourcecode.c.h; path = MASCompositeConstraint.h; sourceTree = "<group>"; };
		6014BEAF20481EB3002E734D /* NSLayoutConstraint+MASDebugAdditions.m */ = {isa = PBXFileReference; fileEncoding = 4; lastKnownFileType = sourcecode.c.objc; path = "NSLayoutConstraint+MASDebugAdditions.m"; sourceTree = "<group>"; };
		6014BEB020481EB3002E734D /* MASConstraint+Private.h */ = {isa = PBXFileReference; fileEncoding = 4; lastKnownFileType = sourcecode.c.h; path = "MASConstraint+Private.h"; sourceTree = "<group>"; };
		6014BEB120481EB3002E734D /* MASLayoutConstraint.h */ = {isa = PBXFileReference; fileEncoding = 4; lastKnownFileType = sourcecode.c.h; path = MASLayoutConstraint.h; sourceTree = "<group>"; };
		6014BEB220481EB3002E734D /* NSArray+MASShorthandAdditions.h */ = {isa = PBXFileReference; fileEncoding = 4; lastKnownFileType = sourcecode.c.h; path = "NSArray+MASShorthandAdditions.h"; sourceTree = "<group>"; };
		6014BEB320481EB3002E734D /* MASConstraintMaker.h */ = {isa = PBXFileReference; fileEncoding = 4; lastKnownFileType = sourcecode.c.h; path = MASConstraintMaker.h; sourceTree = "<group>"; };
		6014BEB420481EB3002E734D /* View+MASAdditions.h */ = {isa = PBXFileReference; fileEncoding = 4; lastKnownFileType = sourcecode.c.h; path = "View+MASAdditions.h"; sourceTree = "<group>"; };
		6014BEB520481EB3002E734D /* NSArray+MASAdditions.h */ = {isa = PBXFileReference; fileEncoding = 4; lastKnownFileType = sourcecode.c.h; path = "NSArray+MASAdditions.h"; sourceTree = "<group>"; };
		6014BEB620481EB3002E734D /* MASUtilities.h */ = {isa = PBXFileReference; fileEncoding = 4; lastKnownFileType = sourcecode.c.h; path = MASUtilities.h; sourceTree = "<group>"; };
		6014BEB720481EB3002E734D /* MASViewAttribute.h */ = {isa = PBXFileReference; fileEncoding = 4; lastKnownFileType = sourcecode.c.h; path = MASViewAttribute.h; sourceTree = "<group>"; };
		6014BEB820481EB3002E734D /* ViewController+MASAdditions.m */ = {isa = PBXFileReference; fileEncoding = 4; lastKnownFileType = sourcecode.c.objc; path = "ViewController+MASAdditions.m"; sourceTree = "<group>"; };
		6014BEB920481EB3002E734D /* MASViewConstraint.h */ = {isa = PBXFileReference; fileEncoding = 4; lastKnownFileType = sourcecode.c.h; path = MASViewConstraint.h; sourceTree = "<group>"; };
		6014BEBA20481EB3002E734D /* MASConstraint.h */ = {isa = PBXFileReference; fileEncoding = 4; lastKnownFileType = sourcecode.c.h; path = MASConstraint.h; sourceTree = "<group>"; };
		6014BEBB20481EB3002E734D /* NSLayoutConstraint+MASDebugAdditions.h */ = {isa = PBXFileReference; fileEncoding = 4; lastKnownFileType = sourcecode.c.h; path = "NSLayoutConstraint+MASDebugAdditions.h"; sourceTree = "<group>"; };
		6014BEBC20481EB3002E734D /* MASCompositeConstraint.m */ = {isa = PBXFileReference; fileEncoding = 4; lastKnownFileType = sourcecode.c.objc; path = MASCompositeConstraint.m; sourceTree = "<group>"; };
		6014BEBD20481EB3002E734D /* MASConstraintMaker.m */ = {isa = PBXFileReference; fileEncoding = 4; lastKnownFileType = sourcecode.c.objc; path = MASConstraintMaker.m; sourceTree = "<group>"; };
		6014BEBE20481EB3002E734D /* MASLayoutConstraint.m */ = {isa = PBXFileReference; fileEncoding = 4; lastKnownFileType = sourcecode.c.objc; path = MASLayoutConstraint.m; sourceTree = "<group>"; };
		6014BEBF20481EB3002E734D /* NSArray+MASAdditions.m */ = {isa = PBXFileReference; fileEncoding = 4; lastKnownFileType = sourcecode.c.objc; path = "NSArray+MASAdditions.m"; sourceTree = "<group>"; };
		6014BEC020481EB3002E734D /* View+MASAdditions.m */ = {isa = PBXFileReference; fileEncoding = 4; lastKnownFileType = sourcecode.c.objc; path = "View+MASAdditions.m"; sourceTree = "<group>"; };
		6014BEC120481EB3002E734D /* View+MASShorthandAdditions.h */ = {isa = PBXFileReference; fileEncoding = 4; lastKnownFileType = sourcecode.c.h; path = "View+MASShorthandAdditions.h"; sourceTree = "<group>"; };
		6014BEC220481EB3002E734D /* Masonry.h */ = {isa = PBXFileReference; fileEncoding = 4; lastKnownFileType = sourcecode.c.h; path = Masonry.h; sourceTree = "<group>"; };
		6014BEC320481EB3002E734D /* MASConstraint.m */ = {isa = PBXFileReference; fileEncoding = 4; lastKnownFileType = sourcecode.c.objc; path = MASConstraint.m; sourceTree = "<group>"; };
		6014BEC420481EB3002E734D /* ViewController+MASAdditions.h */ = {isa = PBXFileReference; fileEncoding = 4; lastKnownFileType = sourcecode.c.h; path = "ViewController+MASAdditions.h"; sourceTree = "<group>"; };
		6014BEC520481EB3002E734D /* MASViewConstraint.m */ = {isa = PBXFileReference; fileEncoding = 4; lastKnownFileType = sourcecode.c.objc; path = MASViewConstraint.m; sourceTree = "<group>"; };
		6014BEC620481EB3002E734D /* MASViewAttribute.m */ = {isa = PBXFileReference; fileEncoding = 4; lastKnownFileType = sourcecode.c.objc; path = MASViewAttribute.m; sourceTree = "<group>"; };
		6014BEC720481EB3002E734D /* README.md */ = {isa = PBXFileReference; fileEncoding = 4; lastKnownFileType = net.daringfireball.markdown; path = README.md; sourceTree = "<group>"; };
		6014BED420481ECC002E734D /* UIView+LSCore.h */ = {isa = PBXFileReference; fileEncoding = 4; lastKnownFileType = sourcecode.c.h; path = "UIView+LSCore.h"; sourceTree = "<group>"; };
		6014BED520481ECC002E734D /* UIView+LSCore.m */ = {isa = PBXFileReference; fileEncoding = 4; lastKnownFileType = sourcecode.c.objc; path = "UIView+LSCore.m"; sourceTree = "<group>"; };
/* End PBXFileReference section */

/* Begin PBXFrameworksBuildPhase section */
		6014BE6D20481DF8002E734D /* Frameworks */ = {
			isa = PBXFrameworksBuildPhase;
			buildActionMask = 2147483647;
			files = (
			);
			runOnlyForDeploymentPostprocessing = 0;
		};
		6014BE8520481DF9002E734D /* Frameworks */ = {
			isa = PBXFrameworksBuildPhase;
			buildActionMask = 2147483647;
			files = (
			);
			runOnlyForDeploymentPostprocessing = 0;
		};
		6014BE9020481DF9002E734D /* Frameworks */ = {
			isa = PBXFrameworksBuildPhase;
			buildActionMask = 2147483647;
			files = (
			);
			runOnlyForDeploymentPostprocessing = 0;
		};
/* End PBXFrameworksBuildPhase section */

/* Begin PBXGroup section */
		6014BE6720481DF8002E734D = {
			isa = PBXGroup;
			children = (
				6014BE7220481DF8002E734D /* tableView嵌套collectionView */,
				6014BE8B20481DF9002E734D /* tableView嵌套collectionViewTests */,
				6014BE9620481DF9002E734D /* tableView嵌套collectionViewUITests */,
				6014BE7120481DF8002E734D /* Products */,
			);
			sourceTree = "<group>";
		};
		6014BE7120481DF8002E734D /* Products */ = {
			isa = PBXGroup;
			children = (
				6014BE7020481DF8002E734D /* tableView嵌套collectionView.app */,
				6014BE8820481DF9002E734D /* tableView嵌套collectionViewTests.xctest */,
				6014BE9320481DF9002E734D /* tableView嵌套collectionViewUITests.xctest */,
			);
			name = Products;
			sourceTree = "<group>";
		};
		6014BE7220481DF8002E734D /* tableView嵌套collectionView */ = {
			isa = PBXGroup;
			children = (
				6014BE7320481DF8002E734D /* AppDelegate.h */,
				6014BE7420481DF8002E734D /* AppDelegate.m */,
				6014BE7620481DF8002E734D /* ViewController.h */,
				6014BE7720481DF8002E734D /* ViewController.m */,
				6014BEA520481E18002E734D /* TableViewCell.h */,
				6014BEA620481E18002E734D /* TableViewCell.m */,
				6014BEA820481E23002E734D /* CollectionViewCell.h */,
				6014BEA920481E23002E734D /* CollectionViewCell.m */,
				6014BED420481ECC002E734D /* UIView+LSCore.h */,
				6014BED520481ECC002E734D /* UIView+LSCore.m */,
				6014BEAB20481EB3002E734D /* Masonry */,
				6014BE7920481DF8002E734D /* Main.storyboard */,
				6014BE7C20481DF9002E734D /* Assets.xcassets */,
				6014BE7E20481DF9002E734D /* LaunchScreen.storyboard */,
				6014BE8120481DF9002E734D /* Info.plist */,
				6014BE8220481DF9002E734D /* main.m */,
			);
			path = "tableView嵌套collectionView";
			sourceTree = "<group>";
		};
		6014BE8B20481DF9002E734D /* tableView嵌套collectionViewTests */ = {
			isa = PBXGroup;
			children = (
				6014BE8C20481DF9002E734D /* tableView__collectionViewTests.m */,
				6014BE8E20481DF9002E734D /* Info.plist */,
			);
			path = "tableView嵌套collectionViewTests";
			sourceTree = "<group>";
		};
		6014BE9620481DF9002E734D /* tableView嵌套collectionViewUITests */ = {
			isa = PBXGroup;
			children = (
				6014BE9720481DF9002E734D /* tableView__collectionViewUITests.m */,
				6014BE9920481DF9002E734D /* Info.plist */,
			);
			path = "tableView嵌套collectionViewUITests";
			sourceTree = "<group>";
		};
		6014BEAB20481EB3002E734D /* Masonry */ = {
			isa = PBXGroup;
			children = (
				6014BEAD20481EB3002E734D /* Masonry */,
				6014BEC720481EB3002E734D /* README.md */,
			);
			path = Masonry;
			sourceTree = "<group>";
		};
		6014BEAD20481EB3002E734D /* Masonry */ = {
			isa = PBXGroup;
			children = (
				6014BEAE20481EB3002E734D /* MASCompositeConstraint.h */,
				6014BEAF20481EB3002E734D /* NSLayoutConstraint+MASDebugAdditions.m */,
				6014BEB020481EB3002E734D /* MASConstraint+Private.h */,
				6014BEB120481EB3002E734D /* MASLayoutConstraint.h */,
				6014BEB220481EB3002E734D /* NSArray+MASShorthandAdditions.h */,
				6014BEB320481EB3002E734D /* MASConstraintMaker.h */,
				6014BEB420481EB3002E734D /* View+MASAdditions.h */,
				6014BEB520481EB3002E734D /* NSArray+MASAdditions.h */,
				6014BEB620481EB3002E734D /* MASUtilities.h */,
				6014BEB720481EB3002E734D /* MASViewAttribute.h */,
				6014BEB820481EB3002E734D /* ViewController+MASAdditions.m */,
				6014BEB920481EB3002E734D /* MASViewConstraint.h */,
				6014BEBA20481EB3002E734D /* MASConstraint.h */,
				6014BEBB20481EB3002E734D /* NSLayoutConstraint+MASDebugAdditions.h */,
				6014BEBC20481EB3002E734D /* MASCompositeConstraint.m */,
				6014BEBD20481EB3002E734D /* MASConstraintMaker.m */,
				6014BEBE20481EB3002E734D /* MASLayoutConstraint.m */,
				6014BEBF20481EB3002E734D /* NSArray+MASAdditions.m */,
				6014BEC020481EB3002E734D /* View+MASAdditions.m */,
				6014BEC120481EB3002E734D /* View+MASShorthandAdditions.h */,
				6014BEC220481EB3002E734D /* Masonry.h */,
				6014BEC320481EB3002E734D /* MASConstraint.m */,
				6014BEC420481EB3002E734D /* ViewController+MASAdditions.h */,
				6014BEC520481EB3002E734D /* MASViewConstraint.m */,
				6014BEC620481EB3002E734D /* MASViewAttribute.m */,
			);
			path = Masonry;
			sourceTree = "<group>";
		};
/* End PBXGroup section */

/* Begin PBXNativeTarget section */
		6014BE6F20481DF8002E734D /* tableView嵌套collectionView */ = {
			isa = PBXNativeTarget;
			buildConfigurationList = 6014BE9C20481DF9002E734D /* Build configuration list for PBXNativeTarget "tableView嵌套collectionView" */;
			buildPhases = (
				6014BE6C20481DF8002E734D /* Sources */,
				6014BE6D20481DF8002E734D /* Frameworks */,
				6014BE6E20481DF8002E734D /* Resources */,
			);
			buildRules = (
			);
			dependencies = (
			);
			name = "tableView嵌套collectionView";
			productName = "tableView嵌套collectionView";
			productReference = 6014BE7020481DF8002E734D /* tableView嵌套collectionView.app */;
			productType = "com.apple.product-type.application";
		};
		6014BE8720481DF9002E734D /* tableView嵌套collectionViewTests */ = {
			isa = PBXNativeTarget;
			buildConfigurationList = 6014BE9F20481DF9002E734D /* Build configuration list for PBXNativeTarget "tableView嵌套collectionViewTests" */;
			buildPhases = (
				6014BE8420481DF9002E734D /* Sources */,
				6014BE8520481DF9002E734D /* Frameworks */,
				6014BE8620481DF9002E734D /* Resources */,
			);
			buildRules = (
			);
			dependencies = (
				6014BE8A20481DF9002E734D /* PBXTargetDependency */,
			);
			name = "tableView嵌套collectionViewTests";
			productName = "tableView嵌套collectionViewTests";
			productReference = 6014BE8820481DF9002E734D /* tableView嵌套collectionViewTests.xctest */;
			productType = "com.apple.product-type.bundle.unit-test";
		};
		6014BE9220481DF9002E734D /* tableView嵌套collectionViewUITests */ = {
			isa = PBXNativeTarget;
			buildConfigurationList = 6014BEA220481DF9002E734D /* Build configuration list for PBXNativeTarget "tableView嵌套collectionViewUITests" */;
			buildPhases = (
				6014BE8F20481DF9002E734D /* Sources */,
				6014BE9020481DF9002E734D /* Frameworks */,
				6014BE9120481DF9002E734D /* Resources */,
			);
			buildRules = (
			);
			dependencies = (
				6014BE9520481DF9002E734D /* PBXTargetDependency */,
			);
			name = "tableView嵌套collectionViewUITests";
			productName = "tableView嵌套collectionViewUITests";
			productReference = 6014BE9320481DF9002E734D /* tableView嵌套collectionViewUITests.xctest */;
			productType = "com.apple.product-type.bundle.ui-testing";
		};
/* End PBXNativeTarget section */

/* Begin PBXProject section */
		6014BE6820481DF8002E734D /* Project object */ = {
			isa = PBXProject;
			attributes = {
				LastUpgradeCheck = 0920;
				ORGANIZATIONNAME = wenhua;
				TargetAttributes = {
					6014BE6F20481DF8002E734D = {
						CreatedOnToolsVersion = 9.2;
						ProvisioningStyle = Automatic;
					};
					6014BE8720481DF9002E734D = {
						CreatedOnToolsVersion = 9.2;
						ProvisioningStyle = Automatic;
						TestTargetID = 6014BE6F20481DF8002E734D;
					};
					6014BE9220481DF9002E734D = {
						CreatedOnToolsVersion = 9.2;
						ProvisioningStyle = Automatic;
						TestTargetID = 6014BE6F20481DF8002E734D;
					};
				};
			};
			buildConfigurationList = 6014BE6B20481DF8002E734D /* Build configuration list for PBXProject "tableView嵌套collectionView" */;
			compatibilityVersion = "Xcode 8.0";
			developmentRegion = en;
			hasScannedForEncodings = 0;
			knownRegions = (
				en,
				Base,
			);
			mainGroup = 6014BE6720481DF8002E734D;
			productRefGroup = 6014BE7120481DF8002E734D /* Products */;
			projectDirPath = "";
			projectRoot = "";
			targets = (
				6014BE6F20481DF8002E734D /* tableView嵌套collectionView */,
				6014BE8720481DF9002E734D /* tableView嵌套collectionViewTests */,
				6014BE9220481DF9002E734D /* tableView嵌套collectionViewUITests */,
			);
		};
/* End PBXProject section */

/* Begin PBXResourcesBuildPhase section */
		6014BE6E20481DF8002E734D /* Resources */ = {
			isa = PBXResourcesBuildPhase;
			buildActionMask = 2147483647;
			files = (
				6014BE8020481DF9002E734D /* LaunchScreen.storyboard in Resources */,
				6014BE7D20481DF9002E734D /* Assets.xcassets in Resources */,
				6014BED320481EB3002E734D /* README.md in Resources */,
				6014BE7B20481DF8002E734D /* Main.storyboard in Resources */,
			);
			runOnlyForDeploymentPostprocessing = 0;
		};
		6014BE8620481DF9002E734D /* Resources */ = {
			isa = PBXResourcesBuildPhase;
			buildActionMask = 2147483647;
			files = (
			);
			runOnlyForDeploymentPostprocessing = 0;
		};
		6014BE9120481DF9002E734D /* Resources */ = {
			isa = PBXResourcesBuildPhase;
			buildActionMask = 2147483647;
			files = (
			);
			runOnlyForDeploymentPostprocessing = 0;
		};
/* End PBXResourcesBuildPhase section */

/* Begin PBXSourcesBuildPhase section */
		6014BE6C20481DF8002E734D /* Sources */ = {
			isa = PBXSourcesBuildPhase;
			buildActionMask = 2147483647;
			files = (
				6014BE7820481DF8002E734D /* ViewController.m in Sources */,
				6014BEAA20481E23002E734D /* CollectionViewCell.m in Sources */,
				6014BECD20481EB3002E734D /* MASLayoutConstraint.m in Sources */,
				6014BEA720481E18002E734D /* TableViewCell.m in Sources */,
				6014BE8320481DF9002E734D /* main.m in Sources */,
				6014BED220481EB3002E734D /* MASViewAttribute.m in Sources */,
				6014BED620481ECC002E734D /* UIView+LSCore.m in Sources */,
				6014BECE20481EB3002E734D /* NSArray+MASAdditions.m in Sources */,
				6014BECB20481EB3002E734D /* MASCompositeConstraint.m in Sources */,
				6014BECC20481EB3002E734D /* MASConstraintMaker.m in Sources */,
				6014BECF20481EB3002E734D /* View+MASAdditions.m in Sources */,
				6014BECA20481EB3002E734D /* ViewController+MASAdditions.m in Sources */,
				6014BE7520481DF8002E734D /* AppDelegate.m in Sources */,
				6014BED120481EB3002E734D /* MASViewConstraint.m in Sources */,
				6014BEC920481EB3002E734D /* NSLayoutConstraint+MASDebugAdditions.m in Sources */,
				6014BED020481EB3002E734D /* MASConstraint.m in Sources */,
			);
			runOnlyForDeploymentPostprocessing = 0;
		};
		6014BE8420481DF9002E734D /* Sources */ = {
			isa = PBXSourcesBuildPhase;
			buildActionMask = 2147483647;
			files = (
				6014BE8D20481DF9002E734D /* tableView__collectionViewTests.m in Sources */,
			);
			runOnlyForDeploymentPostprocessing = 0;
		};
		6014BE8F20481DF9002E734D /* Sources */ = {
			isa = PBXSourcesBuildPhase;
			buildActionMask = 2147483647;
			files = (
				6014BE9820481DF9002E734D /* tableView__collectionViewUITests.m in Sources */,
			);
			runOnlyForDeploymentPostprocessing = 0;
		};
/* End PBXSourcesBuildPhase section */

/* Begin PBXTargetDependency section */
		6014BE8A20481DF9002E734D /* PBXTargetDependency */ = {
			isa = PBXTargetDependency;
			target = 6014BE6F20481DF8002E734D /* tableView嵌套collectionView */;
			targetProxy = 6014BE8920481DF9002E734D /* PBXContainerItemProxy */;
		};
		6014BE9520481DF9002E734D /* PBXTargetDependency */ = {
			isa = PBXTargetDependency;
			target = 6014BE6F20481DF8002E734D /* tableView嵌套collectionView */;
			targetProxy = 6014BE9420481DF9002E734D /* PBXContainerItemProxy */;
		};
/* End PBXTargetDependency section */

/* Begin PBXVariantGroup section */
		6014BE7920481DF8002E734D /* Main.storyboard */ = {
			isa = PBXVariantGroup;
			children = (
				6014BE7A20481DF8002E734D /* Base */,
			);
			name = Main.storyboard;
			sourceTree = "<group>";
		};
		6014BE7E20481DF9002E734D /* LaunchScreen.storyboard */ = {
			isa = PBXVariantGroup;
			children = (
				6014BE7F20481DF9002E734D /* Base */,
			);
			name = LaunchScreen.storyboard;
			sourceTree = "<group>";
		};
/* End PBXVariantGroup section */

/* Begin XCBuildConfiguration section */
		6014BE9A20481DF9002E734D /* Debug */ = {
			isa = XCBuildConfiguration;
			buildSettings = {
				ALWAYS_SEARCH_USER_PATHS = NO;
				CLANG_ANALYZER_NONNULL = YES;
				CLANG_ANALYZER_NUMBER_OBJECT_CONVERSION = YES_AGGRESSIVE;
				CLANG_CXX_LANGUAGE_STANDARD = "gnu++14";
				CLANG_CXX_LIBRARY = "libc++";
				CLANG_ENABLE_MODULES = YES;
				CLANG_ENABLE_OBJC_ARC = YES;
				CLANG_WARN_BLOCK_CAPTURE_AUTORELEASING = YES;
				CLANG_WARN_BOOL_CONVERSION = YES;
				CLANG_WARN_COMMA = YES;
				CLANG_WARN_CONSTANT_CONVERSION = YES;
				CLANG_WARN_DIRECT_OBJC_ISA_USAGE = YES_ERROR;
				CLANG_WARN_DOCUMENTATION_COMMENTS = YES;
				CLANG_WARN_EMPTY_BODY = YES;
				CLANG_WARN_ENUM_CONVERSION = YES;
				CLANG_WARN_INFINITE_RECURSION = YES;
				CLANG_WARN_INT_CONVERSION = YES;
				CLANG_WARN_NON_LITERAL_NULL_CONVERSION = YES;
				CLANG_WARN_OBJC_LITERAL_CONVERSION = YES;
				CLANG_WARN_OBJC_ROOT_CLASS = YES_ERROR;
				CLANG_WARN_RANGE_LOOP_ANALYSIS = YES;
				CLANG_WARN_STRICT_PROTOTYPES = YES;
				CLANG_WARN_SUSPICIOUS_MOVE = YES;
				CLANG_WARN_UNGUARDED_AVAILABILITY = YES_AGGRESSIVE;
				CLANG_WARN_UNREACHABLE_CODE = YES;
				CLANG_WARN__DUPLICATE_METHOD_MATCH = YES;
				CODE_SIGN_IDENTITY = "iPhone Developer";
				COPY_PHASE_STRIP = NO;
				DEBUG_INFORMATION_FORMAT = dwarf;
				ENABLE_STRICT_OBJC_MSGSEND = YES;
				ENABLE_TESTABILITY = YES;
				GCC_C_LANGUAGE_STANDARD = gnu11;
				GCC_DYNAMIC_NO_PIC = NO;
				GCC_NO_COMMON_BLOCKS = YES;
				GCC_OPTIMIZATION_LEVEL = 0;
				GCC_PREPROCESSOR_DEFINITIONS = (
					"DEBUG=1",
					"$(inherited)",
				);
				GCC_WARN_64_TO_32_BIT_CONVERSION = YES;
				GCC_WARN_ABOUT_RETURN_TYPE = YES_ERROR;
				GCC_WARN_UNDECLARED_SELECTOR = YES;
				GCC_WARN_UNINITIALIZED_AUTOS = YES_AGGRESSIVE;
				GCC_WARN_UNUSED_FUNCTION = YES;
				GCC_WARN_UNUSED_VARIABLE = YES;
				IPHONEOS_DEPLOYMENT_TARGET = 11.2;
				MTL_ENABLE_DEBUG_INFO = YES;
				ONLY_ACTIVE_ARCH = YES;
				SDKROOT = iphoneos;
			};
			name = Debug;
		};
		6014BE9B20481DF9002E734D /* Release */ = {
			isa = XCBuildConfiguration;
			buildSettings = {
				ALWAYS_SEARCH_USER_PATHS = NO;
				CLANG_ANALYZER_NONNULL = YES;
				CLANG_ANALYZER_NUMBER_OBJECT_CONVERSION = YES_AGGRESSIVE;
				CLANG_CXX_LANGUAGE_STANDARD = "gnu++14";
				CLANG_CXX_LIBRARY = "libc++";
				CLANG_ENABLE_MODULES = YES;
				CLANG_ENABLE_OBJC_ARC = YES;
				CLANG_WARN_BLOCK_CAPTURE_AUTORELEASING = YES;
				CLANG_WARN_BOOL_CONVERSION = YES;
				CLANG_WARN_COMMA = YES;
				CLANG_WARN_CONSTANT_CONVERSION = YES;
				CLANG_WARN_DIRECT_OBJC_ISA_USAGE = YES_ERROR;
				CLANG_WARN_DOCUMENTATION_COMMENTS = YES;
				CLANG_WARN_EMPTY_BODY = YES;
				CLANG_WARN_ENUM_CONVERSION = YES;
				CLANG_WARN_INFINITE_RECURSION = YES;
				CLANG_WARN_INT_CONVERSION = YES;
				CLANG_WARN_NON_LITERAL_NULL_CONVERSION = YES;
				CLANG_WARN_OBJC_LITERAL_CONVERSION = YES;
				CLANG_WARN_OBJC_ROOT_CLASS = YES_ERROR;
				CLANG_WARN_RANGE_LOOP_ANALYSIS = YES;
				CLANG_WARN_STRICT_PROTOTYPES = YES;
				CLANG_WARN_SUSPICIOUS_MOVE = YES;
				CLANG_WARN_UNGUARDED_AVAILABILITY = YES_AGGRESSIVE;
				CLANG_WARN_UNREACHABLE_CODE = YES;
				CLANG_WARN__DUPLICATE_METHOD_MATCH = YES;
				CODE_SIGN_IDENTITY = "iPhone Developer";
				COPY_PHASE_STRIP = NO;
				DEBUG_INFORMATION_FORMAT = "dwarf-with-dsym";
				ENABLE_NS_ASSERTIONS = NO;
				ENABLE_STRICT_OBJC_MSGSEND = YES;
				GCC_C_LANGUAGE_STANDARD = gnu11;
				GCC_NO_COMMON_BLOCKS = YES;
				GCC_WARN_64_TO_32_BIT_CONVERSION = YES;
				GCC_WARN_ABOUT_RETURN_TYPE = YES_ERROR;
				GCC_WARN_UNDECLARED_SELECTOR = YES;
				GCC_WARN_UNINITIALIZED_AUTOS = YES_AGGRESSIVE;
				GCC_WARN_UNUSED_FUNCTION = YES;
				GCC_WARN_UNUSED_VARIABLE = YES;
				IPHONEOS_DEPLOYMENT_TARGET = 11.2;
				MTL_ENABLE_DEBUG_INFO = NO;
				SDKROOT = iphoneos;
				VALIDATE_PRODUCT = YES;
			};
			name = Release;
		};
		6014BE9D20481DF9002E734D /* Debug */ = {
			isa = XCBuildConfiguration;
			buildSettings = {
				ASSETCATALOG_COMPILER_APPICON_NAME = AppIcon;
				CODE_SIGN_STYLE = Automatic;
				DEVELOPMENT_TEAM = 54MPCG4PLY;
				INFOPLIST_FILE = "tableView嵌套collectionView/Info.plist";
				LD_RUNPATH_SEARCH_PATHS = "$(inherited) @executable_path/Frameworks";
				PRODUCT_BUNDLE_IDENTIFIER = "com.ulearning.cn.tableView--collectionView";
				PRODUCT_NAME = "$(TARGET_NAME)";
				TARGETED_DEVICE_FAMILY = "1,2";
			};
			name = Debug;
		};
		6014BE9E20481DF9002E734D /* Release */ = {
			isa = XCBuildConfiguration;
			buildSettings = {
				ASSETCATALOG_COMPILER_APPICON_NAME = AppIcon;
				CODE_SIGN_STYLE = Automatic;
				DEVELOPMENT_TEAM = 54MPCG4PLY;
				INFOPLIST_FILE = "tableView嵌套collectionView/Info.plist";
				LD_RUNPATH_SEARCH_PATHS = "$(inherited) @executable_path/Frameworks";
				PRODUCT_BUNDLE_IDENTIFIER = "com.ulearning.cn.tableView--collectionView";
				PRODUCT_NAME = "$(TARGET_NAME)";
				TARGETED_DEVICE_FAMILY = "1,2";
			};
			name = Release;
		};
		6014BEA020481DF9002E734D /* Debug */ = {
			isa = XCBuildConfiguration;
			buildSettings = {
				BUNDLE_LOADER = "$(TEST_HOST)";
				CODE_SIGN_STYLE = Automatic;
				DEVELOPMENT_TEAM = 54MPCG4PLY;
				INFOPLIST_FILE = "tableView嵌套collectionViewTests/Info.plist";
				LD_RUNPATH_SEARCH_PATHS = "$(inherited) @executable_path/Frameworks @loader_path/Frameworks";
				PRODUCT_BUNDLE_IDENTIFIER = "com.ulearning.cn.tableView--collectionViewTests";
				PRODUCT_NAME = "$(TARGET_NAME)";
				TARGETED_DEVICE_FAMILY = "1,2";
				TEST_HOST = "$(BUILT_PRODUCTS_DIR)/tableView嵌套collectionView.app/tableView嵌套collectionView";
			};
			name = Debug;
		};
		6014BEA120481DF9002E734D /* Release */ = {
			isa = XCBuildConfiguration;
			buildSettings = {
				BUNDLE_LOADER = "$(TEST_HOST)";
				CODE_SIGN_STYLE = Automatic;
				DEVELOPMENT_TEAM = 54MPCG4PLY;
				INFOPLIST_FILE = "tableView嵌套collectionViewTests/Info.plist";
				LD_RUNPATH_SEARCH_PATHS = "$(inherited) @executable_path/Frameworks @loader_path/Frameworks";
				PRODUCT_BUNDLE_IDENTIFIER = "com.ulearning.cn.tableView--collectionViewTests";
				PRODUCT_NAME = "$(TARGET_NAME)";
				TARGETED_DEVICE_FAMILY = "1,2";
				TEST_HOST = "$(BUILT_PRODUCTS_DIR)/tableView嵌套collectionView.app/tableView嵌套collectionView";
			};
			name = Release;
		};
		6014BEA320481DF9002E734D /* Debug */ = {
			isa = XCBuildConfiguration;
			buildSettings = {
				CODE_SIGN_STYLE = Automatic;
				DEVELOPMENT_TEAM = 54MPCG4PLY;
				INFOPLIST_FILE = "tableView嵌套collectionViewUITests/Info.plist";
				LD_RUNPATH_SEARCH_PATHS = "$(inherited) @executable_path/Frameworks @loader_path/Frameworks";
				PRODUCT_BUNDLE_IDENTIFIER = "com.ulearning.cn.tableView--collectionViewUITests";
				PRODUCT_NAME = "$(TARGET_NAME)";
				TARGETED_DEVICE_FAMILY = "1,2";
				TEST_TARGET_NAME = "tableView嵌套collectionView";
			};
			name = Debug;
		};
		6014BEA420481DF9002E734D /* Release */ = {
			isa = XCBuildConfiguration;
			buildSettings = {
				CODE_SIGN_STYLE = Automatic;
				DEVELOPMENT_TEAM = 54MPCG4PLY;
				INFOPLIST_FILE = "tableView嵌套collectionViewUITests/Info.plist";
				LD_RUNPATH_SEARCH_PATHS = "$(inherited) @executable_path/Frameworks @loader_path/Frameworks";
				PRODUCT_BUNDLE_IDENTIFIER = "com.ulearning.cn.tableView--collectionViewUITests";
				PRODUCT_NAME = "$(TARGET_NAME)";
				TARGETED_DEVICE_FAMILY = "1,2";
				TEST_TARGET_NAME = "tableView嵌套collectionView";
			};
			name = Release;
		};
/* End XCBuildConfiguration section */

/* Begin XCConfigurationList section */
		6014BE6B20481DF8002E734D /* Build configuration list for PBXProject "tableView嵌套collectionView" */ = {
			isa = XCConfigurationList;
			buildConfigurations = (
				6014BE9A20481DF9002E734D /* Debug */,
				6014BE9B20481DF9002E734D /* Release */,
			);
			defaultConfigurationIsVisible = 0;
			defaultConfigurationName = Release;
		};
		6014BE9C20481DF9002E734D /* Build configuration list for PBXNativeTarget "tableView嵌套collectionView" */ = {
			isa = XCConfigurationList;
			buildConfigurations = (
				6014BE9D20481DF9002E734D /* Debug */,
				6014BE9E20481DF9002E734D /* Release */,
			);
			defaultConfigurationIsVisible = 0;
			defaultConfigurationName = Release;
		};
		6014BE9F20481DF9002E734D /* Build configuration list for PBXNativeTarget "tableView嵌套collectionViewTests" */ = {
			isa = XCConfigurationList;
			buildConfigurations = (
				6014BEA020481DF9002E734D /* Debug */,
				6014BEA120481DF9002E734D /* Release */,
			);
			defaultConfigurationIsVisible = 0;
			defaultConfigurationName = Release;
		};
		6014BEA220481DF9002E734D /* Build configuration list for PBXNativeTarget "tableView嵌套collectionViewUITests" */ = {
			isa = XCConfigurationList;
			buildConfigurations = (
				6014BEA320481DF9002E734D /* Debug */,
				6014BEA420481DF9002E734D /* Release */,
			);
			defaultConfigurationIsVisible = 0;
			defaultConfigurationName = Release;
		};
/* End XCConfigurationList section */
	};
	rootObject = 6014BE6820481DF8002E734D /* Project object */;
}
